
Microsoft Visual Studio Solution File, Format Version 12.00
# Visual Studio 15
VisualStudioVersion = 15.0.27130.2010
MinimumVisualStudioVersion = 10.0.40219.1
Project("{9A19103F-16F7-4668-BE54-9A1E7A4F7556}") = "Biblioteka", "Zadanie1\Biblioteka.csproj", "{71903F1C-5EEC-4454-901E-9683387534E6}"
EndProject
Project("{FAE04EC0-301F-11D3-BF4B-00C04F79EFBC}") = "ConsoleApp1", "ConsoleApp1\ConsoleApp1.csproj", "{2BA8770D-B1B3-4C94-9327-95A26C6F58FB}"
EndProject
Project("{FAE04EC0-301F-11D3-BF4B-00C04F79EFBC}") = "TestyJednostkowe", "UnitTestProject1\TestyJednostkowe.csproj", "{24DAEA6C-F937-41A1-B787-BAD885E4484A}"
EndProject
Global
	GlobalSection(SolutionConfigurationPlatforms) = preSolution
		Debug|Any CPU = Debug|Any CPU
		Debug|x64 = Debug|x64
		Debug|x86 = Debug|x86
		Release|Any CPU = Release|Any CPU
		Release|x64 = Release|x64
		Release|x86 = Release|x86
	EndGlobalSection
	GlobalSection(ProjectConfigurationPlatforms) = postSolution
		{71903F1C-5EEC-4454-901E-9683387534E6}.Debug|Any CPU.ActiveCfg = Debug|Any CPU
		{71903F1C-5EEC-4454-901E-9683387534E6}.Debug|Any CPU.Build.0 = Debug|Any CPU
		{71903F1C-5EEC-4454-901E-9683387534E6}.Debug|x64.ActiveCfg = Debug|Any CPU
		{71903F1C-5EEC-4454-901E-9683387534E6}.Debug|x64.Build.0 = Debug|Any CPU
		{71903F1C-5EEC-4454-901E-9683387534E6}.Debug|x86.ActiveCfg = Debug|Any CPU
		{71903F1C-5EEC-4454-901E-9683387534E6}.Debug|x86.Build.0 = Debug|Any CPU
		{71903F1C-5EEC-4454-901E-9683387534E6}.Release|Any CPU.ActiveCfg = Release|Any CPU
		{71903F1C-5EEC-4454-901E-9683387534E6}.Release|Any CPU.Build.0 = Release|Any CPU
		{71903F1C-5EEC-4454-901E-9683387534E6}.Release|x64.ActiveCfg = Release|Any CPU
		{71903F1C-5EEC-4454-901E-9683387534E6}.Release|x64.Build.0 = Release|Any CPU
		{71903F1C-5EEC-4454-901E-9683387534E6}.Release|x86.ActiveCfg = Release|Any CPU
		{71903F1C-5EEC-4454-901E-9683387534E6}.Release|x86.Build.0 = Release|Any CPU
		{2BA8770D-B1B3-4C94-9327-95A26C6F58FB}.Debug|Any CPU.ActiveCfg = Debug|Any CPU
		{2BA8770D-B1B3-4C94-9327-95A26C6F58FB}.Debug|Any CPU.Build.0 = Debug|Any CPU
		{2BA8770D-B1B3-4C94-9327-95A26C6F58FB}.Debug|x64.ActiveCfg = Debug|Any CPU
		{2BA8770D-B1B3-4C94-9327-95A26C6F58FB}.Debug|x64.Build.0 = Debug|Any CPU
		{2BA8770D-B1B3-4C94-9327-95A26C6F58FB}.Debug|x86.ActiveCfg = Debug|Any CPU
		{2BA8770D-B1B3-4C94-9327-95A26C6F58FB}.Debug|x86.Build.0 = Debug|Any CPU
		{2BA8770D-B1B3-4C94-9327-95A26C6F58FB}.Release|Any CPU.ActiveCfg = Release|Any CPU
		{2BA8770D-B1B3-4C94-9327-95A26C6F58FB}.Release|Any CPU.Build.0 = Release|Any CPU
		{2BA8770D-B1B3-4C94-9327-95A26C6F58FB}.Release|x64.ActiveCfg = Release|Any CPU
		{2BA8770D-B1B3-4C94-9327-95A26C6F58FB}.Release|x64.Build.0 = Release|Any CPU
		{2BA8770D-B1B3-4C94-9327-95A26C6F58FB}.Release|x86.ActiveCfg = Release|Any CPU
		{2BA8770D-B1B3-4C94-9327-95A26C6F58FB}.Release|x86.Build.0 = Release|Any CPU
		{24DAEA6C-F937-41A1-B787-BAD885E4484A}.Debug|Any CPU.ActiveCfg = Debug|Any CPU
		{24DAEA6C-F937-41A1-B787-BAD885E4484A}.Debug|Any CPU.Build.0 = Debug|Any CPU
		{24DAEA6C-F937-41A1-B787-BAD885E4484A}.Debug|x64.ActiveCfg = Debug|Any CPU
		{24DAEA6C-F937-41A1-B787-BAD885E4484A}.Debug|x64.Build.0 = Debug|Any CPU
		{24DAEA6C-F937-41A1-B787-BAD885E4484A}.Debug|x86.ActiveCfg = Debug|Any CPU
		{24DAEA6C-F937-41A1-B787-BAD885E4484A}.Debug|x86.Build.0 = Debug|Any CPU
		{24DAEA6C-F937-41A1-B787-BAD885E4484A}.Release|Any CPU.ActiveCfg = Release|Any CPU
		{24DAEA6C-F937-41A1-B787-BAD885E4484A}.Release|Any CPU.Build.0 = Release|Any CPU
		{24DAEA6C-F937-41A1-B787-BAD885E4484A}.Release|x64.ActiveCfg = Release|Any CPU
		{24DAEA6C-F937-41A1-B787-BAD885E4484A}.Release|x64.Build.0 = Release|Any CPU
		{24DAEA6C-F937-41A1-B787-BAD885E4484A}.Release|x86.ActiveCfg = Release|Any CPU
		{24DAEA6C-F937-41A1-B787-BAD885E4484A}.Release|x86.Build.0 = Release|Any CPU
	EndGlobalSection
	GlobalSection(SolutionProperties) = preSolution
		HideSolutionNode = FALSE
	EndGlobalSection
	GlobalSection(ExtensibilityGlobals) = postSolution
		SolutionGuid = {84281F5B-FFF1-4FC6-8320-461C1D849842}
	EndGlobalSection
EndGlobal
